
Microsoft Visual Studio Solution File, Format Version 12.00
# Visual Studio Version 17
VisualStudioVersion = 17.2.32505.173
MinimumVisualStudioVersion = 10.0.40219.1
Project("{FAE04EC0-301F-11D3-BF4B-00C04F79EFBC}") = "CrosswordCreator", "CrosswordCreator\CrosswordCreator.csproj", "{28997D9E-3B62-4148-89B3-F854D78C6E4B}"
EndProject
Global
	GlobalSection(SolutionConfigurationPlatforms) = preSolution
		Debug|Any CPU = Debug|Any CPU
		Release|Any CPU = Release|Any CPU
	EndGlobalSection
	GlobalSection(ProjectConfigurationPlatforms) = postSolution
		{28997D9E-3B62-4148-89B3-F854D78C6E4B}.Debug|Any CPU.ActiveCfg = Debug|Any CPU
		{28997D9E-3B62-4148-89B3-F854D78C6E4B}.Debug|Any CPU.Build.0 = Debug|Any CPU
		{28997D9E-3B62-4148-89B3-F854D78C6E4B}.Release|Any CPU.ActiveCfg = Release|Any CPU
		{28997D9E-3B62-4148-89B3-F854D78C6E4B}.Release|Any CPU.Build.0 = Release|Any CPU
	EndGlobalSection
	GlobalSection(SolutionProperties) = preSolution
		HideSolutionNode = FALSE
	EndGlobalSection
	GlobalSection(ExtensibilityGlobals) = postSolution
		SolutionGuid = {C07EC2E5-5E29-41D4-8086-9822128B54B4}
	EndGlobalSection
EndGlobal
